
Microsoft Visual Studio Solution File, Format Version 12.00
# Visual Studio Version 16
VisualStudioVersion = 16.0.31729.503
MinimumVisualStudioVersion = 10.0.40219.1
Project("{FAE04EC0-301F-11D3-BF4B-00C04F79EFBC}") = "dz2.1", "dz2.1\dz2.1.csproj", "{7F5C816E-A30D-4097-AD74-4ABBD9734437}"
EndProject
Project("{FAE04EC0-301F-11D3-BF4B-00C04F79EFBC}") = "dz2.2", "dz2.2\dz2.2.csproj", "{263890BA-4B34-4FDB-8D5D-141625CAC132}"
EndProject
Global
	GlobalSection(SolutionConfigurationPlatforms) = preSolution
		Debug|Any CPU = Debug|Any CPU
		Release|Any CPU = Release|Any CPU
	EndGlobalSection
	GlobalSection(ProjectConfigurationPlatforms) = postSolution
		{7F5C816E-A30D-4097-AD74-4ABBD9734437}.Debug|Any CPU.ActiveCfg = Debug|Any CPU
		{7F5C816E-A30D-4097-AD74-4ABBD9734437}.Debug|Any CPU.Build.0 = Debug|Any CPU
		{7F5C816E-A30D-4097-AD74-4ABBD9734437}.Release|Any CPU.ActiveCfg = Release|Any CPU
		{7F5C816E-A30D-4097-AD74-4ABBD9734437}.Release|Any CPU.Build.0 = Release|Any CPU
		{263890BA-4B34-4FDB-8D5D-141625CAC132}.Debug|Any CPU.ActiveCfg = Debug|Any CPU
		{263890BA-4B34-4FDB-8D5D-141625CAC132}.Debug|Any CPU.Build.0 = Debug|Any CPU
		{263890BA-4B34-4FDB-8D5D-141625CAC132}.Release|Any CPU.ActiveCfg = Release|Any CPU
		{263890BA-4B34-4FDB-8D5D-141625CAC132}.Release|Any CPU.Build.0 = Release|Any CPU
	EndGlobalSection
	GlobalSection(SolutionProperties) = preSolution
		HideSolutionNode = FALSE
	EndGlobalSection
	GlobalSection(ExtensibilityGlobals) = postSolution
		SolutionGuid = {CC14B74E-19AB-424D-B646-25F1A0CEF4F1}
	EndGlobalSection
EndGlobal
